{
  "sources": {
    "apt": {
      "locked_version": "2.3.0"
    },
    "rsyslog": {
      "locked_version": "1.9.0"
    },
    "sudo": {
      "locked_version": "2.2.2"
    },
    "deis": {
      "locked_version": "0.4.0",
      "git": "https://github.com/opdemand/deis-cookbook.git",
      "ref": "9daa935b1d51d4ed794d323d881d4b0b87cf767c"
    }
  }
}
