{
  "dependencies": {
    "apt": {
      "locked_version": "2.3.0"
    },
    "rsyslog": {
      "locked_version": "1.9.0"
    },
    "sudo": {
      "locked_version": "2.2.2"
    },
    "deis": {
      "locked_version": "0.3.0",
      "git": "https://github.com/opdemand/deis-cookbook.git",
      "ref": "5aacadebef5121fda002df7b8dbf853b26d6a5c2"
    }
  }
}
