{
  "sources": {
    "apt": {
      "locked_version": "2.3.4"
    },
    "rsyslog": {
      "locked_version": "1.10.2"
    },
    "sudo": {
      "locked_version": "2.3.0"
    },
    "deis": {
      "locked_version": "0.5.0",
      "git": "https://github.com/opdemand/deis-cookbook.git",
      "ref": "e172d9f1347f9876eda626866cf0c45a3ceaea64"
    }
  }
}
